
Microsoft Visual Studio Solution File, Format Version 12.00
# Visual Studio Version 17
VisualStudioVersion = 17.7.34024.191
MinimumVisualStudioVersion = 10.0.40219.1
Project("{8BC9CEB8-8B4A-11D0-8D11-00A0C91BC942}") = "BikeSpeedCalculator", "BikeSpeedCalculator\BikeSpeedCalculator.vcxproj", "{1E950CC3-2BD4-4EFD-A21D-E0558DA6DFFC}"
EndProject
Global
	GlobalSection(SolutionConfigurationPlatforms) = preSolution
		Debug|x64 = Debug|x64
		Debug|x86 = Debug|x86
		Release|x64 = Release|x64
		Release|x86 = Release|x86
	EndGlobalSection
	GlobalSection(ProjectConfigurationPlatforms) = postSolution
		{1E950CC3-2BD4-4EFD-A21D-E0558DA6DFFC}.Debug|x64.ActiveCfg = Debug|x64
		{1E950CC3-2BD4-4EFD-A21D-E0558DA6DFFC}.Debug|x64.Build.0 = Debug|x64
		{1E950CC3-2BD4-4EFD-A21D-E0558DA6DFFC}.Debug|x86.ActiveCfg = Debug|Win32
		{1E950CC3-2BD4-4EFD-A21D-E0558DA6DFFC}.Debug|x86.Build.0 = Debug|Win32
		{1E950CC3-2BD4-4EFD-A21D-E0558DA6DFFC}.Release|x64.ActiveCfg = Release|x64
		{1E950CC3-2BD4-4EFD-A21D-E0558DA6DFFC}.Release|x64.Build.0 = Release|x64
		{1E950CC3-2BD4-4EFD-A21D-E0558DA6DFFC}.Release|x86.ActiveCfg = Release|Win32
		{1E950CC3-2BD4-4EFD-A21D-E0558DA6DFFC}.Release|x86.Build.0 = Release|Win32
	EndGlobalSection
	GlobalSection(SolutionProperties) = preSolution
		HideSolutionNode = FALSE
	EndGlobalSection
	GlobalSection(ExtensibilityGlobals) = postSolution
		SolutionGuid = {A2CB1DA0-4DB1-4894-86FF-E5FE1767E641}
	EndGlobalSection
EndGlobal
